
Microsoft Visual Studio Solution File, Format Version 12.00
# Visual Studio 15
VisualStudioVersion = 15.0.27703.2035
MinimumVisualStudioVersion = 10.0.40219.1
Project("{8BC9CEB8-8B4A-11D0-8D11-00A0C91BC942}") = "PandaKiller", "PandaKiller\PandaKiller.vcxproj", "{08A20F10-2D89-4858-B3DB-7226BA614FE9}"
EndProject
Global
	GlobalSection(SolutionConfigurationPlatforms) = preSolution
		Debug|x64 = Debug|x64
		Debug|x86 = Debug|x86
		Release|x64 = Release|x64
		Release|x86 = Release|x86
	EndGlobalSection
	GlobalSection(ProjectConfigurationPlatforms) = postSolution
		{08A20F10-2D89-4858-B3DB-7226BA614FE9}.Debug|x64.ActiveCfg = Debug|x64
		{08A20F10-2D89-4858-B3DB-7226BA614FE9}.Debug|x64.Build.0 = Debug|x64
		{08A20F10-2D89-4858-B3DB-7226BA614FE9}.Debug|x86.ActiveCfg = Debug|Win32
		{08A20F10-2D89-4858-B3DB-7226BA614FE9}.Debug|x86.Build.0 = Debug|Win32
		{08A20F10-2D89-4858-B3DB-7226BA614FE9}.Release|x64.ActiveCfg = Release|x64
		{08A20F10-2D89-4858-B3DB-7226BA614FE9}.Release|x64.Build.0 = Release|x64
		{08A20F10-2D89-4858-B3DB-7226BA614FE9}.Release|x86.ActiveCfg = Release|Win32
		{08A20F10-2D89-4858-B3DB-7226BA614FE9}.Release|x86.Build.0 = Release|Win32
	EndGlobalSection
	GlobalSection(SolutionProperties) = preSolution
		HideSolutionNode = FALSE
	EndGlobalSection
	GlobalSection(ExtensibilityGlobals) = postSolution
		SolutionGuid = {332EA6D7-ABFF-47A8-8B22-72D05F574162}
	EndGlobalSection
EndGlobal
